
Microsoft Visual Studio Solution File, Format Version 12.00
# Visual Studio 15
VisualStudioVersion = 15.0.27703.2042
MinimumVisualStudioVersion = 10.0.40219.1
Project("{8BC9CEB8-8B4A-11D0-8D11-00A0C91BC942}") = "ConsoleApplication1", "ConsoleApplication1\ConsoleApplication1.vcxproj", "{E0C62B9A-3A67-431B-86E0-A44C9D8E7188}"
EndProject
Global
	GlobalSection(SolutionConfigurationPlatforms) = preSolution
		Debug|x64 = Debug|x64
		Debug|x86 = Debug|x86
		Release|x64 = Release|x64
		Release|x86 = Release|x86
	EndGlobalSection
	GlobalSection(ProjectConfigurationPlatforms) = postSolution
		{E0C62B9A-3A67-431B-86E0-A44C9D8E7188}.Debug|x64.ActiveCfg = Debug|x64
		{E0C62B9A-3A67-431B-86E0-A44C9D8E7188}.Debug|x64.Build.0 = Debug|x64
		{E0C62B9A-3A67-431B-86E0-A44C9D8E7188}.Debug|x86.ActiveCfg = Debug|Win32
		{E0C62B9A-3A67-431B-86E0-A44C9D8E7188}.Debug|x86.Build.0 = Debug|Win32
		{E0C62B9A-3A67-431B-86E0-A44C9D8E7188}.Release|x64.ActiveCfg = Release|x64
		{E0C62B9A-3A67-431B-86E0-A44C9D8E7188}.Release|x64.Build.0 = Release|x64
		{E0C62B9A-3A67-431B-86E0-A44C9D8E7188}.Release|x86.ActiveCfg = Release|Win32
		{E0C62B9A-3A67-431B-86E0-A44C9D8E7188}.Release|x86.Build.0 = Release|Win32
	EndGlobalSection
	GlobalSection(SolutionProperties) = preSolution
		HideSolutionNode = FALSE
	EndGlobalSection
	GlobalSection(ExtensibilityGlobals) = postSolution
		SolutionGuid = {5ACF28FE-D2F7-4D87-8DE8-D4AAC4F00A2B}
	EndGlobalSection
EndGlobal
